
Microsoft Visual Studio Solution File, Format Version 12.00
# Visual Studio Version 17
VisualStudioVersion = 17.6.33723.286
MinimumVisualStudioVersion = 10.0.40219.1
Project("{FAE04EC0-301F-11D3-BF4B-00C04F79EFBC}") = "TakeSkipObjectsFromList", "TakeSkipObjectsFromList.csproj", "{2CE97C31-64C7-413A-9D10-86771F761408}"
EndProject
Global
	GlobalSection(SolutionConfigurationPlatforms) = preSolution
		Debug|Any CPU = Debug|Any CPU
		Release|Any CPU = Release|Any CPU
	EndGlobalSection
	GlobalSection(ProjectConfigurationPlatforms) = postSolution
		{2CE97C31-64C7-413A-9D10-86771F761408}.Debug|Any CPU.ActiveCfg = Debug|Any CPU
		{2CE97C31-64C7-413A-9D10-86771F761408}.Debug|Any CPU.Build.0 = Debug|Any CPU
		{2CE97C31-64C7-413A-9D10-86771F761408}.Release|Any CPU.ActiveCfg = Release|Any CPU
		{2CE97C31-64C7-413A-9D10-86771F761408}.Release|Any CPU.Build.0 = Release|Any CPU
	EndGlobalSection
	GlobalSection(SolutionProperties) = preSolution
		HideSolutionNode = FALSE
	EndGlobalSection
	GlobalSection(ExtensibilityGlobals) = postSolution
		SolutionGuid = {6355BB79-AEB9-42F5-ABA4-6640AAAF5623}
	EndGlobalSection
EndGlobal
