
Microsoft Visual Studio Solution File, Format Version 12.00
# Visual Studio Version 17
VisualStudioVersion = 17.5.33516.290
MinimumVisualStudioVersion = 10.0.40219.1
Project("{FAE04EC0-301F-11D3-BF4B-00C04F79EFBC}") = "ReleaseVsDebug", "ReleaseVsDebug.csproj", "{A72C23BA-4A7C-41F8-BB09-3E624BFB1180}"
EndProject
Global
	GlobalSection(SolutionConfigurationPlatforms) = preSolution
		Debug|Any CPU = Debug|Any CPU
		Release|Any CPU = Release|Any CPU
	EndGlobalSection
	GlobalSection(ProjectConfigurationPlatforms) = postSolution
		{A72C23BA-4A7C-41F8-BB09-3E624BFB1180}.Debug|Any CPU.ActiveCfg = Debug|Any CPU
		{A72C23BA-4A7C-41F8-BB09-3E624BFB1180}.Debug|Any CPU.Build.0 = Debug|Any CPU
		{A72C23BA-4A7C-41F8-BB09-3E624BFB1180}.Release|Any CPU.ActiveCfg = Release|Any CPU
		{A72C23BA-4A7C-41F8-BB09-3E624BFB1180}.Release|Any CPU.Build.0 = Release|Any CPU
	EndGlobalSection
	GlobalSection(SolutionProperties) = preSolution
		HideSolutionNode = FALSE
	EndGlobalSection
	GlobalSection(ExtensibilityGlobals) = postSolution
		SolutionGuid = {E14DE9C1-AC9D-438F-B7A0-FC2BA3DBE5C9}
	EndGlobalSection
EndGlobal
