
Microsoft Visual Studio Solution File, Format Version 12.00
# Visual Studio Version 17
VisualStudioVersion = 17.3.32811.315
MinimumVisualStudioVersion = 10.0.40219.1
Project("{FAE04EC0-301F-11D3-BF4B-00C04F79EFBC}") = "RazorComponents", "RazorComponents.csproj", "{AA3413FF-9C97-42A3-B6AB-14E1F36DA991}"
EndProject
Global
	GlobalSection(SolutionConfigurationPlatforms) = preSolution
		Debug|Any CPU = Debug|Any CPU
		Release|Any CPU = Release|Any CPU
	EndGlobalSection
	GlobalSection(ProjectConfigurationPlatforms) = postSolution
		{AA3413FF-9C97-42A3-B6AB-14E1F36DA991}.Debug|Any CPU.ActiveCfg = Debug|Any CPU
		{AA3413FF-9C97-42A3-B6AB-14E1F36DA991}.Debug|Any CPU.Build.0 = Debug|Any CPU
		{AA3413FF-9C97-42A3-B6AB-14E1F36DA991}.Release|Any CPU.ActiveCfg = Release|Any CPU
		{AA3413FF-9C97-42A3-B6AB-14E1F36DA991}.Release|Any CPU.Build.0 = Release|Any CPU
	EndGlobalSection
	GlobalSection(SolutionProperties) = preSolution
		HideSolutionNode = FALSE
	EndGlobalSection
	GlobalSection(ExtensibilityGlobals) = postSolution
		SolutionGuid = {33C67464-23FB-47FE-A838-009DE8B5A610}
	EndGlobalSection
EndGlobal
