
Microsoft Visual Studio Solution File, Format Version 12.00
# Visual Studio Version 17
VisualStudioVersion = 17.1.32210.238
MinimumVisualStudioVersion = 10.0.40219.1
Project("{8BC9CEB8-8B4A-11D0-8D11-00A0C91BC942}") = "CPlusPlusProject", "CPlusPlusProject\CPlusPlusProject.vcxproj", "{86DCA30B-C1B0-415C-9685-4D37852227A7}"
EndProject
Project("{8BC9CEB8-8B4A-11D0-8D11-00A0C91BC942}") = "CPlusPlusProject_Test", "CPlusPlusProject_Test\CPlusPlusProject_Test.vcxproj", "{D97307EC-6C29-4F9D-8EE7-B91D42069AF7}"
EndProject
Global
	GlobalSection(SolutionConfigurationPlatforms) = preSolution
		Debug|Any CPU = Debug|Any CPU
		Debug|x64 = Debug|x64
		Debug|x86 = Debug|x86
		Release|Any CPU = Release|Any CPU
		Release|x64 = Release|x64
		Release|x86 = Release|x86
	EndGlobalSection
	GlobalSection(ProjectConfigurationPlatforms) = postSolution
		{86DCA30B-C1B0-415C-9685-4D37852227A7}.Debug|Any CPU.ActiveCfg = Debug|x64
		{86DCA30B-C1B0-415C-9685-4D37852227A7}.Debug|Any CPU.Build.0 = Debug|x64
		{86DCA30B-C1B0-415C-9685-4D37852227A7}.Debug|x64.ActiveCfg = Debug|x64
		{86DCA30B-C1B0-415C-9685-4D37852227A7}.Debug|x64.Build.0 = Debug|x64
		{86DCA30B-C1B0-415C-9685-4D37852227A7}.Debug|x86.ActiveCfg = Debug|Win32
		{86DCA30B-C1B0-415C-9685-4D37852227A7}.Debug|x86.Build.0 = Debug|Win32
		{86DCA30B-C1B0-415C-9685-4D37852227A7}.Release|Any CPU.ActiveCfg = Release|x64
		{86DCA30B-C1B0-415C-9685-4D37852227A7}.Release|Any CPU.Build.0 = Release|x64
		{86DCA30B-C1B0-415C-9685-4D37852227A7}.Release|x64.ActiveCfg = Release|x64
		{86DCA30B-C1B0-415C-9685-4D37852227A7}.Release|x64.Build.0 = Release|x64
		{86DCA30B-C1B0-415C-9685-4D37852227A7}.Release|x86.ActiveCfg = Release|Win32
		{86DCA30B-C1B0-415C-9685-4D37852227A7}.Release|x86.Build.0 = Release|Win32
		{D97307EC-6C29-4F9D-8EE7-B91D42069AF7}.Debug|Any CPU.ActiveCfg = Debug|x64
		{D97307EC-6C29-4F9D-8EE7-B91D42069AF7}.Debug|Any CPU.Build.0 = Debug|x64
		{D97307EC-6C29-4F9D-8EE7-B91D42069AF7}.Debug|x64.ActiveCfg = Debug|x64
		{D97307EC-6C29-4F9D-8EE7-B91D42069AF7}.Debug|x64.Build.0 = Debug|x64
		{D97307EC-6C29-4F9D-8EE7-B91D42069AF7}.Debug|x86.ActiveCfg = Debug|Win32
		{D97307EC-6C29-4F9D-8EE7-B91D42069AF7}.Debug|x86.Build.0 = Debug|Win32
		{D97307EC-6C29-4F9D-8EE7-B91D42069AF7}.Release|Any CPU.ActiveCfg = Release|x64
		{D97307EC-6C29-4F9D-8EE7-B91D42069AF7}.Release|Any CPU.Build.0 = Release|x64
		{D97307EC-6C29-4F9D-8EE7-B91D42069AF7}.Release|x64.ActiveCfg = Release|x64
		{D97307EC-6C29-4F9D-8EE7-B91D42069AF7}.Release|x64.Build.0 = Release|x64
		{D97307EC-6C29-4F9D-8EE7-B91D42069AF7}.Release|x86.ActiveCfg = Release|Win32
		{D97307EC-6C29-4F9D-8EE7-B91D42069AF7}.Release|x86.Build.0 = Release|Win32
	EndGlobalSection
	GlobalSection(SolutionProperties) = preSolution
		HideSolutionNode = FALSE
	EndGlobalSection
	GlobalSection(ExtensibilityGlobals) = postSolution
		SolutionGuid = {323A00EE-6637-4946-91BE-81F8A40EB5F1}
	EndGlobalSection
EndGlobal
