
Microsoft Visual Studio Solution File, Format Version 12.00
# Visual Studio Version 17
VisualStudioVersion = 17.1.32210.238
MinimumVisualStudioVersion = 10.0.40219.1
Project("{FAE04EC0-301F-11D3-BF4B-00C04F79EFBC}") = "SearchInExcelTemplates", "SearchInExcelTemplates.csproj", "{F02194C3-EF56-487B-88EB-5BDEFA648E68}"
EndProject
Global
	GlobalSection(SolutionConfigurationPlatforms) = preSolution
		Debug|Any CPU = Debug|Any CPU
		Release|Any CPU = Release|Any CPU
	EndGlobalSection
	GlobalSection(ProjectConfigurationPlatforms) = postSolution
		{F02194C3-EF56-487B-88EB-5BDEFA648E68}.Debug|Any CPU.ActiveCfg = Debug|Any CPU
		{F02194C3-EF56-487B-88EB-5BDEFA648E68}.Debug|Any CPU.Build.0 = Debug|Any CPU
		{F02194C3-EF56-487B-88EB-5BDEFA648E68}.Release|Any CPU.ActiveCfg = Release|Any CPU
		{F02194C3-EF56-487B-88EB-5BDEFA648E68}.Release|Any CPU.Build.0 = Release|Any CPU
	EndGlobalSection
	GlobalSection(SolutionProperties) = preSolution
		HideSolutionNode = FALSE
	EndGlobalSection
	GlobalSection(ExtensibilityGlobals) = postSolution
		SolutionGuid = {49E72309-1E4C-4754-B26E-A4C5B8EB5248}
	EndGlobalSection
EndGlobal
