
Microsoft Visual Studio Solution File, Format Version 12.00
# Visual Studio Version 17
VisualStudioVersion = 17.8.34525.116
MinimumVisualStudioVersion = 10.0.40219.1
Project("{FAE04EC0-301F-11D3-BF4B-00C04F79EFBC}") = "BreakForEachObject", "BreakForEachObject.csproj", "{D746C0D4-61F3-4821-AF3B-129518696834}"
EndProject
Global
	GlobalSection(SolutionConfigurationPlatforms) = preSolution
		Debug|Any CPU = Debug|Any CPU
		Release|Any CPU = Release|Any CPU
	EndGlobalSection
	GlobalSection(ProjectConfigurationPlatforms) = postSolution
		{D746C0D4-61F3-4821-AF3B-129518696834}.Debug|Any CPU.ActiveCfg = Debug|Any CPU
		{D746C0D4-61F3-4821-AF3B-129518696834}.Debug|Any CPU.Build.0 = Debug|Any CPU
		{D746C0D4-61F3-4821-AF3B-129518696834}.Release|Any CPU.ActiveCfg = Release|Any CPU
		{D746C0D4-61F3-4821-AF3B-129518696834}.Release|Any CPU.Build.0 = Release|Any CPU
	EndGlobalSection
	GlobalSection(SolutionProperties) = preSolution
		HideSolutionNode = FALSE
	EndGlobalSection
	GlobalSection(ExtensibilityGlobals) = postSolution
		SolutionGuid = {6018963A-A378-4DFA-A810-3387A883968F}
	EndGlobalSection
EndGlobal
