
Microsoft Visual Studio Solution File, Format Version 12.00
# Visual Studio Version 16
VisualStudioVersion = 16.0.32126.315
MinimumVisualStudioVersion = 10.0.40219.1
Project("{FAE04EC0-301F-11D3-BF4B-00C04F79EFBC}") = "TreeViewExample", "TreeViewExample.csproj", "{3F5B47FA-F4CA-48BF-BA60-529BA8CF2148}"
EndProject
Project("{FAE04EC0-301F-11D3-BF4B-00C04F79EFBC}") = "LoadXMLFromFile", "LoadXMLFromFile\LoadXMLFromFile.csproj", "{51C0967D-0C23-4333-B38B-D97282C145F8}"
EndProject
Project("{FAE04EC0-301F-11D3-BF4B-00C04F79EFBC}") = "ObjectToXmlInTreeView", "ObjectToXmlInTreeView\ObjectToXmlInTreeView.csproj", "{6A9B8908-052C-4F55-84E5-D2774D529A30}"
EndProject
Global
	GlobalSection(SolutionConfigurationPlatforms) = preSolution
		Debug|Any CPU = Debug|Any CPU
		Release|Any CPU = Release|Any CPU
	EndGlobalSection
	GlobalSection(ProjectConfigurationPlatforms) = postSolution
		{3F5B47FA-F4CA-48BF-BA60-529BA8CF2148}.Debug|Any CPU.ActiveCfg = Debug|Any CPU
		{3F5B47FA-F4CA-48BF-BA60-529BA8CF2148}.Debug|Any CPU.Build.0 = Debug|Any CPU
		{3F5B47FA-F4CA-48BF-BA60-529BA8CF2148}.Release|Any CPU.ActiveCfg = Release|Any CPU
		{3F5B47FA-F4CA-48BF-BA60-529BA8CF2148}.Release|Any CPU.Build.0 = Release|Any CPU
		{51C0967D-0C23-4333-B38B-D97282C145F8}.Debug|Any CPU.ActiveCfg = Debug|Any CPU
		{51C0967D-0C23-4333-B38B-D97282C145F8}.Debug|Any CPU.Build.0 = Debug|Any CPU
		{51C0967D-0C23-4333-B38B-D97282C145F8}.Release|Any CPU.ActiveCfg = Release|Any CPU
		{51C0967D-0C23-4333-B38B-D97282C145F8}.Release|Any CPU.Build.0 = Release|Any CPU
		{6A9B8908-052C-4F55-84E5-D2774D529A30}.Debug|Any CPU.ActiveCfg = Debug|Any CPU
		{6A9B8908-052C-4F55-84E5-D2774D529A30}.Debug|Any CPU.Build.0 = Debug|Any CPU
		{6A9B8908-052C-4F55-84E5-D2774D529A30}.Release|Any CPU.ActiveCfg = Release|Any CPU
		{6A9B8908-052C-4F55-84E5-D2774D529A30}.Release|Any CPU.Build.0 = Release|Any CPU
	EndGlobalSection
	GlobalSection(SolutionProperties) = preSolution
		HideSolutionNode = FALSE
	EndGlobalSection
	GlobalSection(ExtensibilityGlobals) = postSolution
		SolutionGuid = {ED154040-70D0-466A-9794-ED564AC1588F}
	EndGlobalSection
EndGlobal
