
Microsoft Visual Studio Solution File, Format Version 12.00
# Visual Studio Version 17
VisualStudioVersion = 17.3.32811.315
MinimumVisualStudioVersion = 10.0.40219.1
Project("{9A19103F-16F7-4668-BE54-9A1E7A4F7556}") = "MyFirstBlazorApp.Server", "Server\MyFirstBlazorApp.Server.csproj", "{CA75EAE9-3705-4029-A4E8-027C88B6AC46}"
EndProject
Project("{9A19103F-16F7-4668-BE54-9A1E7A4F7556}") = "MyFirstBlazorApp.Client", "Client\MyFirstBlazorApp.Client.csproj", "{755F6403-5921-4604-BB44-3CA7AA671492}"
EndProject
Project("{9A19103F-16F7-4668-BE54-9A1E7A4F7556}") = "MyFirstBlazorApp.Shared", "Shared\MyFirstBlazorApp.Shared.csproj", "{99269C39-4B8D-490E-90D4-E53744BF4150}"
EndProject
Global
	GlobalSection(SolutionConfigurationPlatforms) = preSolution
		Debug|Any CPU = Debug|Any CPU
		Release|Any CPU = Release|Any CPU
	EndGlobalSection
	GlobalSection(ProjectConfigurationPlatforms) = postSolution
		{CA75EAE9-3705-4029-A4E8-027C88B6AC46}.Debug|Any CPU.ActiveCfg = Debug|Any CPU
		{CA75EAE9-3705-4029-A4E8-027C88B6AC46}.Debug|Any CPU.Build.0 = Debug|Any CPU
		{CA75EAE9-3705-4029-A4E8-027C88B6AC46}.Release|Any CPU.ActiveCfg = Release|Any CPU
		{CA75EAE9-3705-4029-A4E8-027C88B6AC46}.Release|Any CPU.Build.0 = Release|Any CPU
		{755F6403-5921-4604-BB44-3CA7AA671492}.Debug|Any CPU.ActiveCfg = Debug|Any CPU
		{755F6403-5921-4604-BB44-3CA7AA671492}.Debug|Any CPU.Build.0 = Debug|Any CPU
		{755F6403-5921-4604-BB44-3CA7AA671492}.Release|Any CPU.ActiveCfg = Release|Any CPU
		{755F6403-5921-4604-BB44-3CA7AA671492}.Release|Any CPU.Build.0 = Release|Any CPU
		{99269C39-4B8D-490E-90D4-E53744BF4150}.Debug|Any CPU.ActiveCfg = Debug|Any CPU
		{99269C39-4B8D-490E-90D4-E53744BF4150}.Debug|Any CPU.Build.0 = Debug|Any CPU
		{99269C39-4B8D-490E-90D4-E53744BF4150}.Release|Any CPU.ActiveCfg = Release|Any CPU
		{99269C39-4B8D-490E-90D4-E53744BF4150}.Release|Any CPU.Build.0 = Release|Any CPU
	EndGlobalSection
	GlobalSection(SolutionProperties) = preSolution
		HideSolutionNode = FALSE
	EndGlobalSection
	GlobalSection(ExtensibilityGlobals) = postSolution
		SolutionGuid = {AFF7AF6B-0C0C-47CC-A27C-DCA83ED46405}
	EndGlobalSection
EndGlobal
