
Microsoft Visual Studio Solution File, Format Version 12.00
# Visual Studio Version 17
VisualStudioVersion = 17.1.32210.238
MinimumVisualStudioVersion = 10.0.40219.1
Project("{FAE04EC0-301F-11D3-BF4B-00C04F79EFBC}") = "SearchInExcelTemplates", "SearchInExcelTemplates.csproj", "{B35AADF8-5183-4998-B7A9-75F4F80B06DE}"
EndProject
Global
	GlobalSection(SolutionConfigurationPlatforms) = preSolution
		Debug|Any CPU = Debug|Any CPU
		Release|Any CPU = Release|Any CPU
	EndGlobalSection
	GlobalSection(ProjectConfigurationPlatforms) = postSolution
		{B35AADF8-5183-4998-B7A9-75F4F80B06DE}.Debug|Any CPU.ActiveCfg = Debug|Any CPU
		{B35AADF8-5183-4998-B7A9-75F4F80B06DE}.Debug|Any CPU.Build.0 = Debug|Any CPU
		{B35AADF8-5183-4998-B7A9-75F4F80B06DE}.Release|Any CPU.ActiveCfg = Release|Any CPU
		{B35AADF8-5183-4998-B7A9-75F4F80B06DE}.Release|Any CPU.Build.0 = Release|Any CPU
	EndGlobalSection
	GlobalSection(SolutionProperties) = preSolution
		HideSolutionNode = FALSE
	EndGlobalSection
	GlobalSection(ExtensibilityGlobals) = postSolution
		SolutionGuid = {626A8F74-E886-4583-9C36-D6680D17875E}
	EndGlobalSection
EndGlobal
